// !$*UTF8*$!
{
	archiveVersion = 1;
	classes = {
	};
	objectVersion = 55;
	objects = {

/* Begin PBXBuildFile section */
		7E32160427F83D33004A3A79 /* AppDelegate.swift in Sources */ = {isa = PBXBuildFile; fileRef = 7E32160327F83D33004A3A79 /* AppDelegate.swift */; };
		7E32160D27F83D37004A3A79 /* Assets.xcassets in Resources */ = {isa = PBXBuildFile; fileRef = 7E32160C27F83D37004A3A79 /* Assets.xcassets */; };
		7E32161027F83D37004A3A79 /* LaunchScreen.storyboard in Resources */ = {isa = PBXBuildFile; fileRef = 7E32160E27F83D37004A3A79 /* LaunchScreen.storyboard */; };
		7E32161B27F83D37004A3A79 /* cy_swiftTests.swift in Sources */ = {isa = PBXBuildFile; fileRef = 7E32161A27F83D37004A3A79 /* cy_swiftTests.swift */; };
		7E32162527F83D37004A3A79 /* cy_swiftUITests.swift in Sources */ = {isa = PBXBuildFile; fileRef = 7E32162427F83D37004A3A79 /* cy_swiftUITests.swift */; };
		7E32162727F83D37004A3A79 /* cy_swiftUITestsLaunchTests.swift in Sources */ = {isa = PBXBuildFile; fileRef = 7E32162627F83D37004A3A79 /* cy_swiftUITestsLaunchTests.swift */; };
		7E32168727F84C9D004A3A79 /* GRDB in Frameworks */ = {isa = PBXBuildFile; productRef = 7E32168627F84C9D004A3A79 /* GRDB */; };
		7E32169227FD75A6004A3A79 /* YLFileManagerExtension.swift in Sources */ = {isa = PBXBuildFile; fileRef = 7E32169127FD75A6004A3A79 /* YLFileManagerExtension.swift */; };
		7E32169627FD80FA004A3A79 /* DBManager.swift in Sources */ = {isa = PBXBuildFile; fileRef = 7E32169527FD80FA004A3A79 /* DBManager.swift */; };
		7E32169927FD83DD004A3A79 /* cy_1.0.0.json in Resources */ = {isa = PBXBuildFile; fileRef = 7E32169827FD83DD004A3A79 /* cy_1.0.0.json */; };
		7E32169C27FD843A004A3A79 /* CYHomeViewController.swift in Sources */ = {isa = PBXBuildFile; fileRef = 7E32169B27FD843A004A3A79 /* CYHomeViewController.swift */; };
		7E32169F27FD846E004A3A79 /* YLIdiom.swift in Sources */ = {isa = PBXBuildFile; fileRef = 7E32169E27FD846E004A3A79 /* YLIdiom.swift */; };
/* End PBXBuildFile section */

/* Begin PBXContainerItemProxy section */
		7E32161727F83D37004A3A79 /* PBXContainerItemProxy */ = {
			isa = PBXContainerItemProxy;
			containerPortal = 7E3215F827F83D33004A3A79 /* Project object */;
			proxyType = 1;
			remoteGlobalIDString = 7E3215FF27F83D33004A3A79;
			remoteInfo = cy_swift;
		};
		7E32162127F83D37004A3A79 /* PBXContainerItemProxy */ = {
			isa = PBXContainerItemProxy;
			containerPortal = 7E3215F827F83D33004A3A79 /* Project object */;
			proxyType = 1;
			remoteGlobalIDString = 7E3215FF27F83D33004A3A79;
			remoteInfo = cy_swift;
		};
/* End PBXContainerItemProxy section */

/* Begin PBXFileReference section */
		7E32160027F83D33004A3A79 /* cy_swift.app */ = {isa = PBXFileReference; explicitFileType = wrapper.application; includeInIndex = 0; path = cy_swift.app; sourceTree = BUILT_PRODUCTS_DIR; };
		7E32160327F83D33004A3A79 /* AppDelegate.swift */ = {isa = PBXFileReference; lastKnownFileType = sourcecode.swift; path = AppDelegate.swift; sourceTree = "<group>"; };
		7E32160C27F83D37004A3A79 /* Assets.xcassets */ = {isa = PBXFileReference; lastKnownFileType = folder.assetcatalog; path = Assets.xcassets; sourceTree = "<group>"; };
		7E32160F27F83D37004A3A79 /* Base */ = {isa = PBXFileReference; lastKnownFileType = file.storyboard; name = Base; path = Base.lproj/LaunchScreen.storyboard; sourceTree = "<group>"; };
		7E32161127F83D37004A3A79 /* Info.plist */ = {isa = PBXFileReference; lastKnownFileType = text.plist.xml; path = Info.plist; sourceTree = "<group>"; };
		7E32161627F83D37004A3A79 /* cy_swiftTests.xctest */ = {isa = PBXFileReference; explicitFileType = wrapper.cfbundle; includeInIndex = 0; path = cy_swiftTests.xctest; sourceTree = BUILT_PRODUCTS_DIR; };
		7E32161A27F83D37004A3A79 /* cy_swiftTests.swift */ = {isa = PBXFileReference; lastKnownFileType = sourcecode.swift; path = cy_swiftTests.swift; sourceTree = "<group>"; };
		7E32162027F83D37004A3A79 /* cy_swiftUITests.xctest */ = {isa = PBXFileReference; explicitFileType = wrapper.cfbundle; includeInIndex = 0; path = cy_swiftUITests.xctest; sourceTree = BUILT_PRODUCTS_DIR; };
		7E32162427F83D37004A3A79 /* cy_swiftUITests.swift */ = {isa = PBXFileReference; lastKnownFileType = sourcecode.swift; path = cy_swiftUITests.swift; sourceTree = "<group>"; };
		7E32162627F83D37004A3A79 /* cy_swiftUITestsLaunchTests.swift */ = {isa = PBXFileReference; lastKnownFileType = sourcecode.swift; path = cy_swiftUITestsLaunchTests.swift; sourceTree = "<group>"; };
		7E32169127FD75A6004A3A79 /* YLFileManagerExtension.swift */ = {isa = PBXFileReference; lastKnownFileType = sourcecode.swift; path = YLFileManagerExtension.swift; sourceTree = "<group>"; };
		7E32169527FD80FA004A3A79 /* DBManager.swift */ = {isa = PBXFileReference; lastKnownFileType = sourcecode.swift; path = DBManager.swift; sourceTree = "<group>"; };
		7E32169827FD83DD004A3A79 /* cy_1.0.0.json */ = {isa = PBXFileReference; fileEncoding = 4; lastKnownFileType = text.json; path = cy_1.0.0.json; sourceTree = "<group>"; };
		7E32169B27FD843A004A3A79 /* CYHomeViewController.swift */ = {isa = PBXFileReference; lastKnownFileType = sourcecode.swift; path = CYHomeViewController.swift; sourceTree = "<group>"; };
		7E32169E27FD846E004A3A79 /* YLIdiom.swift */ = {isa = PBXFileReference; lastKnownFileType = sourcecode.swift; path = YLIdiom.swift; sourceTree = "<group>"; };
/* End PBXFileReference section */

/* Begin PBXFrameworksBuildPhase section */
		7E3215FD27F83D33004A3A79 /* Frameworks */ = {
			isa = PBXFrameworksBuildPhase;
			buildActionMask = 2147483647;
			files = (
				7E32168727F84C9D004A3A79 /* GRDB in Frameworks */,
			);
			runOnlyForDeploymentPostprocessing = 0;
		};
		7E32161327F83D37004A3A79 /* Frameworks */ = {
			isa = PBXFrameworksBuildPhase;
			buildActionMask = 2147483647;
			files = (
			);
			runOnlyForDeploymentPostprocessing = 0;
		};
		7E32161D27F83D37004A3A79 /* Frameworks */ = {
			isa = PBXFrameworksBuildPhase;
			buildActionMask = 2147483647;
			files = (
			);
			runOnlyForDeploymentPostprocessing = 0;
		};
/* End PBXFrameworksBuildPhase section */

/* Begin PBXGroup section */
		7E3215F727F83D33004A3A79 = {
			isa = PBXGroup;
			children = (
				7E32160227F83D33004A3A79 /* cy_swift */,
				7E32161927F83D37004A3A79 /* cy_swiftTests */,
				7E32162327F83D37004A3A79 /* cy_swiftUITests */,
				7E32160127F83D33004A3A79 /* Products */,
			);
			sourceTree = "<group>";
		};
		7E32160127F83D33004A3A79 /* Products */ = {
			isa = PBXGroup;
			children = (
				7E32160027F83D33004A3A79 /* cy_swift.app */,
				7E32161627F83D37004A3A79 /* cy_swiftTests.xctest */,
				7E32162027F83D37004A3A79 /* cy_swiftUITests.xctest */,
			);
			name = Products;
			sourceTree = "<group>";
		};
		7E32160227F83D33004A3A79 /* cy_swift */ = {
			isa = PBXGroup;
			children = (
				7E32160327F83D33004A3A79 /* AppDelegate.swift */,
				7E32167D27F8417C004A3A79 /* module */,
				7E32168327F8439C004A3A79 /* util */,
				7E32160C27F83D37004A3A79 /* Assets.xcassets */,
				7E32169727FD83A2004A3A79 /* resource */,
				7E32160E27F83D37004A3A79 /* LaunchScreen.storyboard */,
				7E32161127F83D37004A3A79 /* Info.plist */,
			);
			path = cy_swift;
			sourceTree = "<group>";
		};
		7E32161927F83D37004A3A79 /* cy_swiftTests */ = {
			isa = PBXGroup;
			children = (
				7E32161A27F83D37004A3A79 /* cy_swiftTests.swift */,
			);
			path = cy_swiftTests;
			sourceTree = "<group>";
		};
		7E32162327F83D37004A3A79 /* cy_swiftUITests */ = {
			isa = PBXGroup;
			children = (
				7E32162427F83D37004A3A79 /* cy_swiftUITests.swift */,
				7E32162627F83D37004A3A79 /* cy_swiftUITestsLaunchTests.swift */,
			);
			path = cy_swiftUITests;
			sourceTree = "<group>";
		};
		7E32167D27F8417C004A3A79 /* module */ = {
			isa = PBXGroup;
			children = (
				7E32169A27FD8419004A3A79 /* home */,
			);
			path = module;
			sourceTree = "<group>";
		};
		7E32168327F8439C004A3A79 /* util */ = {
			isa = PBXGroup;
			children = (
				7E32169327FD80E1004A3A79 /* Manager */,
				7E32168D27FD739C004A3A79 /* extension */,
				7E32168427F84441004A3A79 /* protocol */,
			);
			path = util;
			sourceTree = "<group>";
		};
		7E32168427F84441004A3A79 /* protocol */ = {
			isa = PBXGroup;
			children = (
			);
			path = protocol;
			sourceTree = "<group>";
		};
		7E32168D27FD739C004A3A79 /* extension */ = {
			isa = PBXGroup;
			children = (
				7E32169027FD756B004A3A79 /* FileManager */,
			);
			path = extension;
			sourceTree = "<group>";
		};
		7E32169027FD756B004A3A79 /* FileManager */ = {
			isa = PBXGroup;
			children = (
				7E32169127FD75A6004A3A79 /* YLFileManagerExtension.swift */,
			);
			path = FileManager;
			sourceTree = "<group>";
		};
		7E32169327FD80E1004A3A79 /* Manager */ = {
			isa = PBXGroup;
			children = (
				7E32169427FD80EB004A3A79 /* DB */,
			);
			path = Manager;
			sourceTree = "<group>";
		};
		7E32169427FD80EB004A3A79 /* DB */ = {
			isa = PBXGroup;
			children = (
				7E32169527FD80FA004A3A79 /* DBManager.swift */,
			);
			path = DB;
			sourceTree = "<group>";
		};
		7E32169727FD83A2004A3A79 /* resource */ = {
			isa = PBXGroup;
			children = (
				7E32169827FD83DD004A3A79 /* cy_1.0.0.json */,
			);
			path = resource;
			sourceTree = "<group>";
		};
		7E32169A27FD8419004A3A79 /* home */ = {
			isa = PBXGroup;
			children = (
				7E32169B27FD843A004A3A79 /* CYHomeViewController.swift */,
				7E32169D27FD8455004A3A79 /* model */,
			);
			path = home;
			sourceTree = "<group>";
		};
		7E32169D27FD8455004A3A79 /* model */ = {
			isa = PBXGroup;
			children = (
				7E32169E27FD846E004A3A79 /* YLIdiom.swift */,
			);
			path = model;
			sourceTree = "<group>";
		};
/* End PBXGroup section */

/* Begin PBXNativeTarget section */
		7E3215FF27F83D33004A3A79 /* cy_swift */ = {
			isa = PBXNativeTarget;
			buildConfigurationList = 7E32162A27F83D37004A3A79 /* Build configuration list for PBXNativeTarget "cy_swift" */;
			buildPhases = (
				7E3215FC27F83D33004A3A79 /* Sources */,
				7E3215FD27F83D33004A3A79 /* Frameworks */,
				7E3215FE27F83D33004A3A79 /* Resources */,
			);
			buildRules = (
			);
			dependencies = (
			);
			name = cy_swift;
			packageProductDependencies = (
				7E32168627F84C9D004A3A79 /* GRDB */,
			);
			productName = cy_swift;
			productReference = 7E32160027F83D33004A3A79 /* cy_swift.app */;
			productType = "com.apple.product-type.application";
		};
		7E32161527F83D37004A3A79 /* cy_swiftTests */ = {
			isa = PBXNativeTarget;
			buildConfigurationList = 7E32162D27F83D37004A3A79 /* Build configuration list for PBXNativeTarget "cy_swiftTests" */;
			buildPhases = (
				7E32161227F83D37004A3A79 /* Sources */,
				7E32161327F83D37004A3A79 /* Frameworks */,
				7E32161427F83D37004A3A79 /* Resources */,
			);
			buildRules = (
			);
			dependencies = (
				7E32161827F83D37004A3A79 /* PBXTargetDependency */,
			);
			name = cy_swiftTests;
			productName = cy_swiftTests;
			productReference = 7E32161627F83D37004A3A79 /* cy_swiftTests.xctest */;
			productType = "com.apple.product-type.bundle.unit-test";
		};
		7E32161F27F83D37004A3A79 /* cy_swiftUITests */ = {
			isa = PBXNativeTarget;
			buildConfigurationList = 7E32163027F83D37004A3A79 /* Build configuration list for PBXNativeTarget "cy_swiftUITests" */;
			buildPhases = (
				7E32161C27F83D37004A3A79 /* Sources */,
				7E32161D27F83D37004A3A79 /* Frameworks */,
				7E32161E27F83D37004A3A79 /* Resources */,
			);
			buildRules = (
			);
			dependencies = (
				7E32162227F83D37004A3A79 /* PBXTargetDependency */,
			);
			name = cy_swiftUITests;
			productName = cy_swiftUITests;
			productReference = 7E32162027F83D37004A3A79 /* cy_swiftUITests.xctest */;
			productType = "com.apple.product-type.bundle.ui-testing";
		};
/* End PBXNativeTarget section */

/* Begin PBXProject section */
		7E3215F827F83D33004A3A79 /* Project object */ = {
			isa = PBXProject;
			attributes = {
				BuildIndependentTargetsInParallel = 1;
				LastSwiftUpdateCheck = 1320;
				LastUpgradeCheck = 1320;
				TargetAttributes = {
					7E3215FF27F83D33004A3A79 = {
						CreatedOnToolsVersion = 13.2.1;
					};
					7E32161527F83D37004A3A79 = {
						CreatedOnToolsVersion = 13.2.1;
						TestTargetID = 7E3215FF27F83D33004A3A79;
					};
					7E32161F27F83D37004A3A79 = {
						CreatedOnToolsVersion = 13.2.1;
						TestTargetID = 7E3215FF27F83D33004A3A79;
					};
				};
			};
			buildConfigurationList = 7E3215FB27F83D33004A3A79 /* Build configuration list for PBXProject "cy_swift" */;
			compatibilityVersion = "Xcode 13.0";
			developmentRegion = en;
			hasScannedForEncodings = 0;
			knownRegions = (
				en,
				Base,
			);
			mainGroup = 7E3215F727F83D33004A3A79;
			packageReferences = (
				7E32168527F84C9D004A3A79 /* XCRemoteSwiftPackageReference "GRDB.swift" */,
			);
			productRefGroup = 7E32160127F83D33004A3A79 /* Products */;
			projectDirPath = "";
			projectRoot = "";
			targets = (
				7E3215FF27F83D33004A3A79 /* cy_swift */,
				7E32161527F83D37004A3A79 /* cy_swiftTests */,
				7E32161F27F83D37004A3A79 /* cy_swiftUITests */,
			);
		};
/* End PBXProject section */

/* Begin PBXResourcesBuildPhase section */
		7E3215FE27F83D33004A3A79 /* Resources */ = {
			isa = PBXResourcesBuildPhase;
			buildActionMask = 2147483647;
			files = (
				7E32161027F83D37004A3A79 /* LaunchScreen.storyboard in Resources */,
				7E32160D27F83D37004A3A79 /* Assets.xcassets in Resources */,
				7E32169927FD83DD004A3A79 /* cy_1.0.0.json in Resources */,
			);
			runOnlyForDeploymentPostprocessing = 0;
		};
		7E32161427F83D37004A3A79 /* Resources */ = {
			isa = PBXResourcesBuildPhase;
			buildActionMask = 2147483647;
			files = (
			);
			runOnlyForDeploymentPostprocessing = 0;
		};
		7E32161E27F83D37004A3A79 /* Resources */ = {
			isa = PBXResourcesBuildPhase;
			buildActionMask = 2147483647;
			files = (
			);
			runOnlyForDeploymentPostprocessing = 0;
		};
/* End PBXResourcesBuildPhase section */

/* Begin PBXSourcesBuildPhase section */
		7E3215FC27F83D33004A3A79 /* Sources */ = {
			isa = PBXSourcesBuildPhase;
			buildActionMask = 2147483647;
			files = (
				7E32169627FD80FA004A3A79 /* DBManager.swift in Sources */,
				7E32169C27FD843A004A3A79 /* CYHomeViewController.swift in Sources */,
				7E32160427F83D33004A3A79 /* AppDelegate.swift in Sources */,
				7E32169227FD75A6004A3A79 /* YLFileManagerExtension.swift in Sources */,
				7E32169F27FD846E004A3A79 /* YLIdiom.swift in Sources */,
			);
			runOnlyForDeploymentPostprocessing = 0;
		};
		7E32161227F83D37004A3A79 /* Sources */ = {
			isa = PBXSourcesBuildPhase;
			buildActionMask = 2147483647;
			files = (
				7E32161B27F83D37004A3A79 /* cy_swiftTests.swift in Sources */,
			);
			runOnlyForDeploymentPostprocessing = 0;
		};
		7E32161C27F83D37004A3A79 /* Sources */ = {
			isa = PBXSourcesBuildPhase;
			buildActionMask = 2147483647;
			files = (
				7E32162727F83D37004A3A79 /* cy_swiftUITestsLaunchTests.swift in Sources */,
				7E32162527F83D37004A3A79 /* cy_swiftUITests.swift in Sources */,
			);
			runOnlyForDeploymentPostprocessing = 0;
		};
/* End PBXSourcesBuildPhase section */

/* Begin PBXTargetDependency section */
		7E32161827F83D37004A3A79 /* PBXTargetDependency */ = {
			isa = PBXTargetDependency;
			target = 7E3215FF27F83D33004A3A79 /* cy_swift */;
			targetProxy = 7E32161727F83D37004A3A79 /* PBXContainerItemProxy */;
		};
		7E32162227F83D37004A3A79 /* PBXTargetDependency */ = {
			isa = PBXTargetDependency;
			target = 7E3215FF27F83D33004A3A79 /* cy_swift */;
			targetProxy = 7E32162127F83D37004A3A79 /* PBXContainerItemProxy */;
		};
/* End PBXTargetDependency section */

/* Begin PBXVariantGroup section */
		7E32160E27F83D37004A3A79 /* LaunchScreen.storyboard */ = {
			isa = PBXVariantGroup;
			children = (
				7E32160F27F83D37004A3A79 /* Base */,
			);
			name = LaunchScreen.storyboard;
			sourceTree = "<group>";
		};
/* End PBXVariantGroup section */

/* Begin XCBuildConfiguration section */
		7E32162827F83D37004A3A79 /* Debug */ = {
			isa = XCBuildConfiguration;
			buildSettings = {
				ALWAYS_SEARCH_USER_PATHS = NO;
				CLANG_ANALYZER_NONNULL = YES;
				CLANG_ANALYZER_NUMBER_OBJECT_CONVERSION = YES_AGGRESSIVE;
				CLANG_CXX_LANGUAGE_STANDARD = "gnu++17";
				CLANG_CXX_LIBRARY = "libc++";
				CLANG_ENABLE_MODULES = YES;
				CLANG_ENABLE_OBJC_ARC = YES;
				CLANG_ENABLE_OBJC_WEAK = YES;
				CLANG_WARN_BLOCK_CAPTURE_AUTORELEASING = YES;
				CLANG_WARN_BOOL_CONVERSION = YES;
				CLANG_WARN_COMMA = YES;
				CLANG_WARN_CONSTANT_CONVERSION = YES;
				CLANG_WARN_DEPRECATED_OBJC_IMPLEMENTATIONS = YES;
				CLANG_WARN_DIRECT_OBJC_ISA_USAGE = YES_ERROR;
				CLANG_WARN_DOCUMENTATION_COMMENTS = YES;
				CLANG_WARN_EMPTY_BODY = YES;
				CLANG_WARN_ENUM_CONVERSION = YES;
				CLANG_WARN_INFINITE_RECURSION = YES;
				CLANG_WARN_INT_CONVERSION = YES;
				CLANG_WARN_NON_LITERAL_NULL_CONVERSION = YES;
				CLANG_WARN_OBJC_IMPLICIT_RETAIN_SELF = YES;
				CLANG_WARN_OBJC_LITERAL_CONVERSION = YES;
				CLANG_WARN_OBJC_ROOT_CLASS = YES_ERROR;
				CLANG_WARN_QUOTED_INCLUDE_IN_FRAMEWORK_HEADER = YES;
				CLANG_WARN_RANGE_LOOP_ANALYSIS = YES;
				CLANG_WARN_STRICT_PROTOTYPES = YES;
				CLANG_WARN_SUSPICIOUS_MOVE = YES;
				CLANG_WARN_UNGUARDED_AVAILABILITY = YES_AGGRESSIVE;
				CLANG_WARN_UNREACHABLE_CODE = YES;
				CLANG_WARN__DUPLICATE_METHOD_MATCH = YES;
				COPY_PHASE_STRIP = NO;
				DEBUG_INFORMATION_FORMAT = dwarf;
				ENABLE_STRICT_OBJC_MSGSEND = YES;
				ENABLE_TESTABILITY = YES;
				GCC_C_LANGUAGE_STANDARD = gnu11;
				GCC_DYNAMIC_NO_PIC = NO;
				GCC_NO_COMMON_BLOCKS = YES;
				GCC_OPTIMIZATION_LEVEL = 0;
				GCC_PREPROCESSOR_DEFINITIONS = (
					"DEBUG=1",
					"$(inherited)",
				);
				GCC_WARN_64_TO_32_BIT_CONVERSION = YES;
				GCC_WARN_ABOUT_RETURN_TYPE = YES_ERROR;
				GCC_WARN_UNDECLARED_SELECTOR = YES;
				GCC_WARN_UNINITIALIZED_AUTOS = YES_AGGRESSIVE;
				GCC_WARN_UNUSED_FUNCTION = YES;
				GCC_WARN_UNUSED_VARIABLE = YES;
				IPHONEOS_DEPLOYMENT_TARGET = 12.0;
				MTL_ENABLE_DEBUG_INFO = INCLUDE_SOURCE;
				MTL_FAST_MATH = YES;
				ONLY_ACTIVE_ARCH = YES;
				SDKROOT = iphoneos;
				SWIFT_ACTIVE_COMPILATION_CONDITIONS = DEBUG;
				SWIFT_OPTIMIZATION_LEVEL = "-Onone";
			};
			name = Debug;
		};
		7E32162927F83D37004A3A79 /* Release */ = {
			isa = XCBuildConfiguration;
			buildSettings = {
				ALWAYS_SEARCH_USER_PATHS = NO;
				CLANG_ANALYZER_NONNULL = YES;
				CLANG_ANALYZER_NUMBER_OBJECT_CONVERSION = YES_AGGRESSIVE;
				CLANG_CXX_LANGUAGE_STANDARD = "gnu++17";
				CLANG_CXX_LIBRARY = "libc++";
				CLANG_ENABLE_MODULES = YES;
				CLANG_ENABLE_OBJC_ARC = YES;
				CLANG_ENABLE_OBJC_WEAK = YES;
				CLANG_WARN_BLOCK_CAPTURE_AUTORELEASING = YES;
				CLANG_WARN_BOOL_CONVERSION = YES;
				CLANG_WARN_COMMA = YES;
				CLANG_WARN_CONSTANT_CONVERSION = YES;
				CLANG_WARN_DEPRECATED_OBJC_IMPLEMENTATIONS = YES;
				CLANG_WARN_DIRECT_OBJC_ISA_USAGE = YES_ERROR;
				CLANG_WARN_DOCUMENTATION_COMMENTS = YES;
				CLANG_WARN_EMPTY_BODY = YES;
				CLANG_WARN_ENUM_CONVERSION = YES;
				CLANG_WARN_INFINITE_RECURSION = YES;
				CLANG_WARN_INT_CONVERSION = YES;
				CLANG_WARN_NON_LITERAL_NULL_CONVERSION = YES;
				CLANG_WARN_OBJC_IMPLICIT_RETAIN_SELF = YES;
				CLANG_WARN_OBJC_LITERAL_CONVERSION = YES;
				CLANG_WARN_OBJC_ROOT_CLASS = YES_ERROR;
				CLANG_WARN_QUOTED_INCLUDE_IN_FRAMEWORK_HEADER = YES;
				CLANG_WARN_RANGE_LOOP_ANALYSIS = YES;
				CLANG_WARN_STRICT_PROTOTYPES = YES;
				CLANG_WARN_SUSPICIOUS_MOVE = YES;
				CLANG_WARN_UNGUARDED_AVAILABILITY = YES_AGGRESSIVE;
				CLANG_WARN_UNREACHABLE_CODE = YES;
				CLANG_WARN__DUPLICATE_METHOD_MATCH = YES;
				COPY_PHASE_STRIP = NO;
				DEBUG_INFORMATION_FORMAT = "dwarf-with-dsym";
				ENABLE_NS_ASSERTIONS = NO;
				ENABLE_STRICT_OBJC_MSGSEND = YES;
				GCC_C_LANGUAGE_STANDARD = gnu11;
				GCC_NO_COMMON_BLOCKS = YES;
				GCC_WARN_64_TO_32_BIT_CONVERSION = YES;
				GCC_WARN_ABOUT_RETURN_TYPE = YES_ERROR;
				GCC_WARN_UNDECLARED_SELECTOR = YES;
				GCC_WARN_UNINITIALIZED_AUTOS = YES_AGGRESSIVE;
				GCC_WARN_UNUSED_FUNCTION = YES;
				GCC_WARN_UNUSED_VARIABLE = YES;
				IPHONEOS_DEPLOYMENT_TARGET = 12.0;
				MTL_ENABLE_DEBUG_INFO = NO;
				MTL_FAST_MATH = YES;
				SDKROOT = iphoneos;
				SWIFT_COMPILATION_MODE = wholemodule;
				SWIFT_OPTIMIZATION_LEVEL = "-O";
				VALIDATE_PRODUCT = YES;
			};
			name = Release;
		};
		7E32162B27F83D37004A3A79 /* Debug */ = {
			isa = XCBuildConfiguration;
			buildSettings = {
				ASSETCATALOG_COMPILER_APPICON_NAME = AppIcon;
				ASSETCATALOG_COMPILER_GLOBAL_ACCENT_COLOR_NAME = AccentColor;
				CODE_SIGN_STYLE = Automatic;
				CURRENT_PROJECT_VERSION = 1;
				DEVELOPMENT_TEAM = 87VM3G8TVM;
				GENERATE_INFOPLIST_FILE = YES;
				INFOPLIST_FILE = cy_swift/Info.plist;
				INFOPLIST_KEY_UIApplicationSupportsIndirectInputEvents = YES;
				INFOPLIST_KEY_UILaunchStoryboardName = LaunchScreen;
				INFOPLIST_KEY_UISupportedInterfaceOrientations_iPad = "UIInterfaceOrientationPortrait UIInterfaceOrientationPortraitUpsideDown UIInterfaceOrientationLandscapeLeft UIInterfaceOrientationLandscapeRight";
				INFOPLIST_KEY_UISupportedInterfaceOrientations_iPhone = "UIInterfaceOrientationPortrait UIInterfaceOrientationLandscapeLeft UIInterfaceOrientationLandscapeRight";
				IPHONEOS_DEPLOYMENT_TARGET = 12.0;
				LD_RUNPATH_SEARCH_PATHS = (
					"$(inherited)",
					"@executable_path/Frameworks",
				);
				MARKETING_VERSION = 1.0;
				PRODUCT_BUNDLE_IDENTIFIER = "com.yl.cy-swift";
				PRODUCT_NAME = "$(TARGET_NAME)";
				SWIFT_EMIT_LOC_STRINGS = YES;
				SWIFT_VERSION = 5.0;
				TARGETED_DEVICE_FAMILY = "1,2";
			};
			name = Debug;
		};
		7E32162C27F83D37004A3A79 /* Release */ = {
			isa = XCBuildConfiguration;
			buildSettings = {
				ASSETCATALOG_COMPILER_APPICON_NAME = AppIcon;
				ASSETCATALOG_COMPILER_GLOBAL_ACCENT_COLOR_NAME = AccentColor;
				CODE_SIGN_STYLE = Automatic;
				CURRENT_PROJECT_VERSION = 1;
				DEVELOPMENT_TEAM = 87VM3G8TVM;
				GENERATE_INFOPLIST_FILE = YES;
				INFOPLIST_FILE = cy_swift/Info.plist;
				INFOPLIST_KEY_UIApplicationSupportsIndirectInputEvents = YES;
				INFOPLIST_KEY_UILaunchStoryboardName = LaunchScreen;
				INFOPLIST_KEY_UISupportedInterfaceOrientations_iPad = "UIInterfaceOrientationPortrait UIInterfaceOrientationPortraitUpsideDown UIInterfaceOrientationLandscapeLeft UIInterfaceOrientationLandscapeRight";
				INFOPLIST_KEY_UISupportedInterfaceOrientations_iPhone = "UIInterfaceOrientationPortrait UIInterfaceOrientationLandscapeLeft UIInterfaceOrientationLandscapeRight";
				IPHONEOS_DEPLOYMENT_TARGET = 12.0;
				LD_RUNPATH_SEARCH_PATHS = (
					"$(inherited)",
					"@executable_path/Frameworks",
				);
				MARKETING_VERSION = 1.0;
				PRODUCT_BUNDLE_IDENTIFIER = "com.yl.cy-swift";
				PRODUCT_NAME = "$(TARGET_NAME)";
				SWIFT_EMIT_LOC_STRINGS = YES;
				SWIFT_VERSION = 5.0;
				TARGETED_DEVICE_FAMILY = "1,2";
			};
			name = Release;
		};
		7E32162E27F83D37004A3A79 /* Debug */ = {
			isa = XCBuildConfiguration;
			buildSettings = {
				ALWAYS_EMBED_SWIFT_STANDARD_LIBRARIES = YES;
				BUNDLE_LOADER = "$(TEST_HOST)";
				CODE_SIGN_STYLE = Automatic;
				CURRENT_PROJECT_VERSION = 1;
				DEVELOPMENT_TEAM = 87VM3G8TVM;
				GENERATE_INFOPLIST_FILE = YES;
				IPHONEOS_DEPLOYMENT_TARGET = 15.2;
				MARKETING_VERSION = 1.0;
				PRODUCT_BUNDLE_IDENTIFIER = "com.yl.cy-swiftTests";
				PRODUCT_NAME = "$(TARGET_NAME)";
				SWIFT_EMIT_LOC_STRINGS = NO;
				SWIFT_VERSION = 5.0;
				TARGETED_DEVICE_FAMILY = "1,2";
				TEST_HOST = "$(BUILT_PRODUCTS_DIR)/cy_swift.app/cy_swift";
			};
			name = Debug;
		};
		7E32162F27F83D37004A3A79 /* Release */ = {
			isa = XCBuildConfiguration;
			buildSettings = {
				ALWAYS_EMBED_SWIFT_STANDARD_LIBRARIES = YES;
				BUNDLE_LOADER = "$(TEST_HOST)";
				CODE_SIGN_STYLE = Automatic;
				CURRENT_PROJECT_VERSION = 1;
				DEVELOPMENT_TEAM = 87VM3G8TVM;
				GENERATE_INFOPLIST_FILE = YES;
				IPHONEOS_DEPLOYMENT_TARGET = 15.2;
				MARKETING_VERSION = 1.0;
				PRODUCT_BUNDLE_IDENTIFIER = "com.yl.cy-swiftTests";
				PRODUCT_NAME = "$(TARGET_NAME)";
				SWIFT_EMIT_LOC_STRINGS = NO;
				SWIFT_VERSION = 5.0;
				TARGETED_DEVICE_FAMILY = "1,2";
				TEST_HOST = "$(BUILT_PRODUCTS_DIR)/cy_swift.app/cy_swift";
			};
			name = Release;
		};
		7E32163127F83D37004A3A79 /* Debug */ = {
			isa = XCBuildConfiguration;
			buildSettings = {
				ALWAYS_EMBED_SWIFT_STANDARD_LIBRARIES = YES;
				CODE_SIGN_STYLE = Automatic;
				CURRENT_PROJECT_VERSION = 1;
				DEVELOPMENT_TEAM = 87VM3G8TVM;
				GENERATE_INFOPLIST_FILE = YES;
				MARKETING_VERSION = 1.0;
				PRODUCT_BUNDLE_IDENTIFIER = "com.yl.cy-swiftUITests";
				PRODUCT_NAME = "$(TARGET_NAME)";
				SWIFT_EMIT_LOC_STRINGS = NO;
				SWIFT_VERSION = 5.0;
				TARGETED_DEVICE_FAMILY = "1,2";
				TEST_TARGET_NAME = cy_swift;
			};
			name = Debug;
		};
		7E32163227F83D37004A3A79 /* Release */ = {
			isa = XCBuildConfiguration;
			buildSettings = {
				ALWAYS_EMBED_SWIFT_STANDARD_LIBRARIES = YES;
				CODE_SIGN_STYLE = Automatic;
				CURRENT_PROJECT_VERSION = 1;
				DEVELOPMENT_TEAM = 87VM3G8TVM;
				GENERATE_INFOPLIST_FILE = YES;
				MARKETING_VERSION = 1.0;
				PRODUCT_BUNDLE_IDENTIFIER = "com.yl.cy-swiftUITests";
				PRODUCT_NAME = "$(TARGET_NAME)";
				SWIFT_EMIT_LOC_STRINGS = NO;
				SWIFT_VERSION = 5.0;
				TARGETED_DEVICE_FAMILY = "1,2";
				TEST_TARGET_NAME = cy_swift;
			};
			name = Release;
		};
/* End XCBuildConfiguration section */

/* Begin XCConfigurationList section */
		7E3215FB27F83D33004A3A79 /* Build configuration list for PBXProject "cy_swift" */ = {
			isa = XCConfigurationList;
			buildConfigurations = (
				7E32162827F83D37004A3A79 /* Debug */,
				7E32162927F83D37004A3A79 /* Release */,
			);
			defaultConfigurationIsVisible = 0;
			defaultConfigurationName = Release;
		};
		7E32162A27F83D37004A3A79 /* Build configuration list for PBXNativeTarget "cy_swift" */ = {
			isa = XCConfigurationList;
			buildConfigurations = (
				7E32162B27F83D37004A3A79 /* Debug */,
				7E32162C27F83D37004A3A79 /* Release */,
			);
			defaultConfigurationIsVisible = 0;
			defaultConfigurationName = Release;
		};
		7E32162D27F83D37004A3A79 /* Build configuration list for PBXNativeTarget "cy_swiftTests" */ = {
			isa = XCConfigurationList;
			buildConfigurations = (
				7E32162E27F83D37004A3A79 /* Debug */,
				7E32162F27F83D37004A3A79 /* Release */,
			);
			defaultConfigurationIsVisible = 0;
			defaultConfigurationName = Release;
		};
		7E32163027F83D37004A3A79 /* Build configuration list for PBXNativeTarget "cy_swiftUITests" */ = {
			isa = XCConfigurationList;
			buildConfigurations = (
				7E32163127F83D37004A3A79 /* Debug */,
				7E32163227F83D37004A3A79 /* Release */,
			);
			defaultConfigurationIsVisible = 0;
			defaultConfigurationName = Release;
		};
/* End XCConfigurationList section */

/* Begin XCRemoteSwiftPackageReference section */
		7E32168527F84C9D004A3A79 /* XCRemoteSwiftPackageReference "GRDB.swift" */ = {
			isa = XCRemoteSwiftPackageReference;
			repositoryURL = "https://github.com/groue/GRDB.swift.git";
			requirement = {
				branch = master;
				kind = branch;
			};
		};
/* End XCRemoteSwiftPackageReference section */

/* Begin XCSwiftPackageProductDependency section */
		7E32168627F84C9D004A3A79 /* GRDB */ = {
			isa = XCSwiftPackageProductDependency;
			package = 7E32168527F84C9D004A3A79 /* XCRemoteSwiftPackageReference "GRDB.swift" */;
			productName = GRDB;
		};
/* End XCSwiftPackageProductDependency section */
	};
	rootObject = 7E3215F827F83D33004A3A79 /* Project object */;
}
